# THIS IS AN AUTOGENERATED FILE. DO NOT EDIT THIS FILE DIRECTLY.
# yarn lockfile v1


python-shell@^5.0.0:
  version "5.0.0"
  resolved "https://registry.yarnpkg.com/python-shell/-/python-shell-5.0.0.tgz#26fc9a0e477cb30fc98ef2d9d5f53ab38a060eac"
  integrity sha512-RUOOOjHLhgR1MIQrCtnEqz/HJ1RMZBIN+REnpSUrfft2bXqXy69fwJASVziWExfFXsR1bCY0TznnHooNsCo0/w==
